{
  "name": "formularios_vue_cli_denkiewicz",
  "lockfileVersion": 2,
  "requires": true,
  "packages": {
    "": {
      "dependencies": {
        "bootstrap": "^5.2.3",
        "vue-form": "^4.10.3"
      }
    },
    "node_modules/@popperjs/core": {
      "version": "2.11.6",
      "resolved": "https://registry.npmjs.org/@popperjs/core/-/core-2.11.6.tgz",
      "integrity": "sha512-50/17A98tWUfQ176raKiOGXuYpLyyVMkxxG6oylzL3BPOlA6ADGdK7EYunSa4I064xerltq9TGXs8HmOk5E+vw==",
      "peer": true,
      "funding": {
        "type": "opencollective",
        "url": "https://opencollective.com/popperjs"
      }
    },
    "node_modules/bootstrap": {
      "version": "5.2.3",
      "resolved": "https://registry.npmjs.org/bootstrap/-/bootstrap-5.2.3.tgz",
      "integrity": "sha512-cEKPM+fwb3cT8NzQZYEu4HilJ3anCrWqh3CHAok1p9jXqMPsPTBhU25fBckEJHJ/p+tTxTFTsFQGM+gaHpi3QQ==",
      "funding": [
        {
          "type": "github",
          "url": "https://github.com/sponsors/twbs"
        },
        {
          "type": "opencollective",
          "url": "https://opencollective.com/bootstrap"
        }
      ],
      "peerDependencies": {
        "@popperjs/core": "^2.11.6"
      }
    },
    "node_modules/extend": {
      "version": "3.0.2",
      "resolved": "https://registry.npmjs.org/extend/-/extend-3.0.2.tgz",
      "integrity": "sha512-fjquC59cD7CyW6urNXK0FBufkZcoiGG80wTuPujX590cB5Ttln20E2UB4S/WARVqhXffZl2LNgS+gQdPIIim/g=="
    },
    "node_modules/scope-eval": {
      "version": "1.0.0",
      "resolved": "https://registry.npmjs.org/scope-eval/-/scope-eval-1.0.0.tgz",
      "integrity": "sha512-oWKaZEXqucTGRzhJCXE+D+hHDkiDe1iHhBlWwxkFTzO3phrdPo4Kju2tSJiWC3x+egyqxdpbs7s+YOPlZlqB1A=="
    },
    "node_modules/vue-form": {
      "version": "4.10.3",
      "resolved": "https://registry.npmjs.org/vue-form/-/vue-form-4.10.3.tgz",
      "integrity": "sha512-qkdgmbBIz9ZgQUvU3Wx/kttqGoVtUjXCDl7X0KzWqU9gKHG9aRqVZZyC0Bb9BtP3CjAnjDYTxUVt9vRxO3RFxA==",
      "dependencies": {
        "extend": "3.0.2",
        "scope-eval": "1.0.0"
      }
    }
  },
  "dependencies": {
    "@popperjs/core": {
      "version": "2.11.6",
      "resolved": "https://registry.npmjs.org/@popperjs/core/-/core-2.11.6.tgz",
      "integrity": "sha512-50/17A98tWUfQ176raKiOGXuYpLyyVMkxxG6oylzL3BPOlA6ADGdK7EYunSa4I064xerltq9TGXs8HmOk5E+vw==",
      "peer": true
    },
    "bootstrap": {
      "version": "5.2.3",
      "resolved": "https://registry.npmjs.org/bootstrap/-/bootstrap-5.2.3.tgz",
      "integrity": "sha512-cEKPM+fwb3cT8NzQZYEu4HilJ3anCrWqh3CHAok1p9jXqMPsPTBhU25fBckEJHJ/p+tTxTFTsFQGM+gaHpi3QQ==",
      "requires": {}
    },
    "extend": {
      "version": "3.0.2",
      "resolved": "https://registry.npmjs.org/extend/-/extend-3.0.2.tgz",
      "integrity": "sha512-fjquC59cD7CyW6urNXK0FBufkZcoiGG80wTuPujX590cB5Ttln20E2UB4S/WARVqhXffZl2LNgS+gQdPIIim/g=="
    },
    "scope-eval": {
      "version": "1.0.0",
      "resolved": "https://registry.npmjs.org/scope-eval/-/scope-eval-1.0.0.tgz",
      "integrity": "sha512-oWKaZEXqucTGRzhJCXE+D+hHDkiDe1iHhBlWwxkFTzO3phrdPo4Kju2tSJiWC3x+egyqxdpbs7s+YOPlZlqB1A=="
    },
    "vue-form": {
      "version": "4.10.3",
      "resolved": "https://registry.npmjs.org/vue-form/-/vue-form-4.10.3.tgz",
      "integrity": "sha512-qkdgmbBIz9ZgQUvU3Wx/kttqGoVtUjXCDl7X0KzWqU9gKHG9aRqVZZyC0Bb9BtP3CjAnjDYTxUVt9vRxO3RFxA==",
      "requires": {
        "extend": "3.0.2",
        "scope-eval": "1.0.0"
      }
    }
  }
}
